
Microsoft Visual Studio Solution File, Format Version 12.00
# Visual Studio Version 17
VisualStudioVersion = 17.9.34723.18
MinimumVisualStudioVersion = 10.0.40219.1
Project("{FAE04EC0-301F-11D3-BF4B-00C04F79EFBC}") = "Practica_Metodos_Return", "Practica_Metodos_Return.csproj", "{E16575FB-AE5A-4E3E-8C76-F26D87C7E2DD}"
EndProject
Global
	GlobalSection(SolutionConfigurationPlatforms) = preSolution
		Debug|Any CPU = Debug|Any CPU
		Release|Any CPU = Release|Any CPU
	EndGlobalSection
	GlobalSection(ProjectConfigurationPlatforms) = postSolution
		{E16575FB-AE5A-4E3E-8C76-F26D87C7E2DD}.Debug|Any CPU.ActiveCfg = Debug|Any CPU
		{E16575FB-AE5A-4E3E-8C76-F26D87C7E2DD}.Debug|Any CPU.Build.0 = Debug|Any CPU
		{E16575FB-AE5A-4E3E-8C76-F26D87C7E2DD}.Release|Any CPU.ActiveCfg = Release|Any CPU
		{E16575FB-AE5A-4E3E-8C76-F26D87C7E2DD}.Release|Any CPU.Build.0 = Release|Any CPU
	EndGlobalSection
	GlobalSection(SolutionProperties) = preSolution
		HideSolutionNode = FALSE
	EndGlobalSection
	GlobalSection(ExtensibilityGlobals) = postSolution
		SolutionGuid = {8229E941-203C-49E5-B112-3F2C40B37DE9}
	EndGlobalSection
EndGlobal
